
Microsoft Visual Studio Solution File, Format Version 12.00
# Visual Studio 15
VisualStudioVersion = 15.0.27703.2000
MinimumVisualStudioVersion = 10.0.40219.1
Project("{FAE04EC0-301F-11D3-BF4B-00C04F79EFBC}") = "Controllers", "Controllers\Controllers.csproj", "{ECE90207-CAAA-45FA-B998-3F3C2BFB56CD}"
EndProject
Project("{FAE04EC0-301F-11D3-BF4B-00C04F79EFBC}") = "Logic", "Logic\Logic.csproj", "{692E8F7C-9421-4B1C-B26C-C8C01CF3D9B5}"
EndProject
Project("{FAE04EC0-301F-11D3-BF4B-00C04F79EFBC}") = "View", "View\View.csproj", "{F348D611-B5E6-4A37-BB7B-4CEFA7792257}"
EndProject
Project("{FAE04EC0-301F-11D3-BF4B-00C04F79EFBC}") = "Model", "Model\Model.csproj", "{5DD53F6D-3EB4-4B0F-A309-EF960CD57DCD}"
EndProject
Project("{FAE04EC0-301F-11D3-BF4B-00C04F79EFBC}") = "CommonHelp", "CommonHelp\CommonHelp.csproj", "{203BC2EB-C9A4-4A34-BDCA-0F3E811E426C}"
EndProject
Global
	GlobalSection(SolutionConfigurationPlatforms) = preSolution
		Debug|Any CPU = Debug|Any CPU
		Release|Any CPU = Release|Any CPU
	EndGlobalSection
	GlobalSection(ProjectConfigurationPlatforms) = postSolution
		{ECE90207-CAAA-45FA-B998-3F3C2BFB56CD}.Debug|Any CPU.ActiveCfg = Debug|Any CPU
		{ECE90207-CAAA-45FA-B998-3F3C2BFB56CD}.Debug|Any CPU.Build.0 = Debug|Any CPU
		{ECE90207-CAAA-45FA-B998-3F3C2BFB56CD}.Release|Any CPU.ActiveCfg = Release|Any CPU
		{ECE90207-CAAA-45FA-B998-3F3C2BFB56CD}.Release|Any CPU.Build.0 = Release|Any CPU
		{692E8F7C-9421-4B1C-B26C-C8C01CF3D9B5}.Debug|Any CPU.ActiveCfg = Debug|Any CPU
		{692E8F7C-9421-4B1C-B26C-C8C01CF3D9B5}.Debug|Any CPU.Build.0 = Debug|Any CPU
		{692E8F7C-9421-4B1C-B26C-C8C01CF3D9B5}.Release|Any CPU.ActiveCfg = Release|Any CPU
		{692E8F7C-9421-4B1C-B26C-C8C01CF3D9B5}.Release|Any CPU.Build.0 = Release|Any CPU
		{F348D611-B5E6-4A37-BB7B-4CEFA7792257}.Debug|Any CPU.ActiveCfg = Debug|Any CPU
		{F348D611-B5E6-4A37-BB7B-4CEFA7792257}.Debug|Any CPU.Build.0 = Debug|Any CPU
		{F348D611-B5E6-4A37-BB7B-4CEFA7792257}.Release|Any CPU.ActiveCfg = Release|Any CPU
		{F348D611-B5E6-4A37-BB7B-4CEFA7792257}.Release|Any CPU.Build.0 = Release|Any CPU
		{5DD53F6D-3EB4-4B0F-A309-EF960CD57DCD}.Debug|Any CPU.ActiveCfg = Debug|Any CPU
		{5DD53F6D-3EB4-4B0F-A309-EF960CD57DCD}.Debug|Any CPU.Build.0 = Debug|Any CPU
		{5DD53F6D-3EB4-4B0F-A309-EF960CD57DCD}.Release|Any CPU.ActiveCfg = Release|Any CPU
		{5DD53F6D-3EB4-4B0F-A309-EF960CD57DCD}.Release|Any CPU.Build.0 = Release|Any CPU
		{203BC2EB-C9A4-4A34-BDCA-0F3E811E426C}.Debug|Any CPU.ActiveCfg = Debug|Any CPU
		{203BC2EB-C9A4-4A34-BDCA-0F3E811E426C}.Debug|Any CPU.Build.0 = Debug|Any CPU
		{203BC2EB-C9A4-4A34-BDCA-0F3E811E426C}.Release|Any CPU.ActiveCfg = Release|Any CPU
		{203BC2EB-C9A4-4A34-BDCA-0F3E811E426C}.Release|Any CPU.Build.0 = Release|Any CPU
	EndGlobalSection
	GlobalSection(SolutionProperties) = preSolution
		HideSolutionNode = FALSE
	EndGlobalSection
	GlobalSection(ExtensibilityGlobals) = postSolution
		SolutionGuid = {112EDDD0-A4EE-46A2-91DC-A89AA404AB65}
	EndGlobalSection
EndGlobal
